
Microsoft Visual Studio Solution File, Format Version 12.00
# Visual Studio Version 16
VisualStudioVersion = 16.0.31702.278
MinimumVisualStudioVersion = 10.0.40219.1
Project("{FAE04EC0-301F-11D3-BF4B-00C04F79EFBC}") = "funkc", "funkc\funkc.csproj", "{1D2333DF-161D-47FC-8E83-50C3ABDCE1F0}"
EndProject
Global
	GlobalSection(SolutionConfigurationPlatforms) = preSolution
		Debug|Any CPU = Debug|Any CPU
		Release|Any CPU = Release|Any CPU
	EndGlobalSection
	GlobalSection(ProjectConfigurationPlatforms) = postSolution
		{1D2333DF-161D-47FC-8E83-50C3ABDCE1F0}.Debug|Any CPU.ActiveCfg = Debug|Any CPU
		{1D2333DF-161D-47FC-8E83-50C3ABDCE1F0}.Debug|Any CPU.Build.0 = Debug|Any CPU
		{1D2333DF-161D-47FC-8E83-50C3ABDCE1F0}.Release|Any CPU.ActiveCfg = Release|Any CPU
		{1D2333DF-161D-47FC-8E83-50C3ABDCE1F0}.Release|Any CPU.Build.0 = Release|Any CPU
	EndGlobalSection
	GlobalSection(SolutionProperties) = preSolution
		HideSolutionNode = FALSE
	EndGlobalSection
	GlobalSection(ExtensibilityGlobals) = postSolution
		SolutionGuid = {3F97DB9D-ED91-40F3-818D-CA909170DDEE}
	EndGlobalSection
EndGlobal
